
Microsoft Visual Studio Solution File, Format Version 12.00
# Visual Studio Version 17
VisualStudioVersion = 17.6.33723.286
MinimumVisualStudioVersion = 10.0.40219.1
Project("{FAE04EC0-301F-11D3-BF4B-00C04F79EFBC}") = "Practice_Project", "Practice_Project\Practice_Project.csproj", "{CAC54B2B-AFE2-473E-8089-2C08F82840CF}"
EndProject
Global
	GlobalSection(SolutionConfigurationPlatforms) = preSolution
		Debug|Any CPU = Debug|Any CPU
		Release|Any CPU = Release|Any CPU
	EndGlobalSection
	GlobalSection(ProjectConfigurationPlatforms) = postSolution
		{CAC54B2B-AFE2-473E-8089-2C08F82840CF}.Debug|Any CPU.ActiveCfg = Debug|Any CPU
		{CAC54B2B-AFE2-473E-8089-2C08F82840CF}.Debug|Any CPU.Build.0 = Debug|Any CPU
		{CAC54B2B-AFE2-473E-8089-2C08F82840CF}.Release|Any CPU.ActiveCfg = Release|Any CPU
		{CAC54B2B-AFE2-473E-8089-2C08F82840CF}.Release|Any CPU.Build.0 = Release|Any CPU
	EndGlobalSection
	GlobalSection(SolutionProperties) = preSolution
		HideSolutionNode = FALSE
	EndGlobalSection
	GlobalSection(ExtensibilityGlobals) = postSolution
		SolutionGuid = {5EE038B8-5BC9-4D46-86DE-3AD5323D7135}
	EndGlobalSection
EndGlobal
